
Microsoft Visual Studio Solution File, Format Version 12.00
# Visual Studio Version 17
VisualStudioVersion = 17.8.34330.188
MinimumVisualStudioVersion = 10.0.40219.1
Project("{8BC9CEB8-8B4A-11D0-8D11-00A0C91BC942}") = "wifi", "wifi.vcxproj", "{4379D822-735A-4DA6-989E-5EF92152A311}"
EndProject
Global
	GlobalSection(SolutionConfigurationPlatforms) = preSolution
		Debug|x64 = Debug|x64
		Debug|x86 = Debug|x86
		Release|x64 = Release|x64
		Release|x86 = Release|x86
	EndGlobalSection
	GlobalSection(ProjectConfigurationPlatforms) = postSolution
		{4379D822-735A-4DA6-989E-5EF92152A311}.Debug|x64.ActiveCfg = Debug|x64
		{4379D822-735A-4DA6-989E-5EF92152A311}.Debug|x64.Build.0 = Debug|x64
		{4379D822-735A-4DA6-989E-5EF92152A311}.Debug|x86.ActiveCfg = Debug|x64
		{4379D822-735A-4DA6-989E-5EF92152A311}.Debug|x86.Build.0 = Debug|x64
		{4379D822-735A-4DA6-989E-5EF92152A311}.Release|x64.ActiveCfg = Release|x64
		{4379D822-735A-4DA6-989E-5EF92152A311}.Release|x64.Build.0 = Release|x64
		{4379D822-735A-4DA6-989E-5EF92152A311}.Release|x86.ActiveCfg = Release|x64
		{4379D822-735A-4DA6-989E-5EF92152A311}.Release|x86.Build.0 = Release|x64
	EndGlobalSection
	GlobalSection(SolutionProperties) = preSolution
		HideSolutionNode = FALSE
	EndGlobalSection
	GlobalSection(ExtensibilityGlobals) = postSolution
		SolutionGuid = {74076FC4-189E-4C73-A696-5381705D8775}
	EndGlobalSection
EndGlobal
