
Microsoft Visual Studio Solution File, Format Version 12.00
# Visual Studio Version 17
VisualStudioVersion = 17.7.34024.191
MinimumVisualStudioVersion = 10.0.40219.1
Project("{8BC9CEB8-8B4A-11D0-8D11-00A0C91BC942}") = "wifi", "wifi.vcxproj", "{BFF88606-4992-4329-A408-DEA239287BCF}"
EndProject
Global
	GlobalSection(SolutionConfigurationPlatforms) = preSolution
		Debug|x64 = Debug|x64
		Release|x64 = Release|x64
	EndGlobalSection
	GlobalSection(ProjectConfigurationPlatforms) = postSolution
		{BFF88606-4992-4329-A408-DEA239287BCF}.Debug|x64.ActiveCfg = Debug|x64
		{BFF88606-4992-4329-A408-DEA239287BCF}.Debug|x64.Build.0 = Debug|x64
		{BFF88606-4992-4329-A408-DEA239287BCF}.Release|x64.ActiveCfg = Release|x64
		{BFF88606-4992-4329-A408-DEA239287BCF}.Release|x64.Build.0 = Release|x64
	EndGlobalSection
	GlobalSection(SolutionProperties) = preSolution
		HideSolutionNode = FALSE
	EndGlobalSection
	GlobalSection(ExtensibilityGlobals) = postSolution
		SolutionGuid = {F10B3B48-12B7-4709-9475-4E2541A6A6F0}
	EndGlobalSection
EndGlobal
